
Microsoft Visual Studio Solution File, Format Version 12.00
# Visual Studio Version 16
VisualStudioVersion = 16.0.30204.135
MinimumVisualStudioVersion = 10.0.40219.1
Project("{9A19103F-16F7-4668-BE54-9A1E7A4F7556}") = "Afsanay", "Afsanay\Afsanay.csproj", "{2D0500BC-8247-46A0-9681-4AD6D1EBF315}"
EndProject
Project("{FAE04EC0-301F-11D3-BF4B-00C04F79EFBC}") = "Afsanay.Core", "Afsanay.Core\Afsanay.Core.csproj", "{FDD0D6BD-F77B-474E-827E-5C85F26A3F33}"
EndProject
Global
	GlobalSection(SolutionConfigurationPlatforms) = preSolution
		Debug|Any CPU = Debug|Any CPU
		Release|Any CPU = Release|Any CPU
	EndGlobalSection
	GlobalSection(ProjectConfigurationPlatforms) = postSolution
		{2D0500BC-8247-46A0-9681-4AD6D1EBF315}.Debug|Any CPU.ActiveCfg = Debug|Any CPU
		{2D0500BC-8247-46A0-9681-4AD6D1EBF315}.Debug|Any CPU.Build.0 = Debug|Any CPU
		{2D0500BC-8247-46A0-9681-4AD6D1EBF315}.Release|Any CPU.ActiveCfg = Release|Any CPU
		{2D0500BC-8247-46A0-9681-4AD6D1EBF315}.Release|Any CPU.Build.0 = Release|Any CPU
		{FDD0D6BD-F77B-474E-827E-5C85F26A3F33}.Debug|Any CPU.ActiveCfg = Debug|Any CPU
		{FDD0D6BD-F77B-474E-827E-5C85F26A3F33}.Debug|Any CPU.Build.0 = Debug|Any CPU
		{FDD0D6BD-F77B-474E-827E-5C85F26A3F33}.Release|Any CPU.ActiveCfg = Release|Any CPU
		{FDD0D6BD-F77B-474E-827E-5C85F26A3F33}.Release|Any CPU.Build.0 = Release|Any CPU
	EndGlobalSection
	GlobalSection(SolutionProperties) = preSolution
		HideSolutionNode = FALSE
	EndGlobalSection
	GlobalSection(ExtensibilityGlobals) = postSolution
		SolutionGuid = {5E1BA609-F0CA-415D-9451-27B6A8D6A99F}
	EndGlobalSection
EndGlobal
